
Microsoft Visual Studio Solution File, Format Version 12.00
# Visual Studio Version 17
VisualStudioVersion = 17.5.002.0
MinimumVisualStudioVersion = 10.0.40219.1
Project("{9A19103F-16F7-4668-BE54-9A1E7A4F7556}") = "MassTransitDemo", "MassTransitDemo\MassTransitDemo.csproj", "{B8E7C438-07FC-471A-B75D-446D16AA8319}"
EndProject
Global
	GlobalSection(SolutionConfigurationPlatforms) = preSolution
		Debug|Any CPU = Debug|Any CPU
		Release|Any CPU = Release|Any CPU
	EndGlobalSection
	GlobalSection(ProjectConfigurationPlatforms) = postSolution
		{B8E7C438-07FC-471A-B75D-446D16AA8319}.Debug|Any CPU.ActiveCfg = Debug|Any CPU
		{B8E7C438-07FC-471A-B75D-446D16AA8319}.Debug|Any CPU.Build.0 = Debug|Any CPU
		{B8E7C438-07FC-471A-B75D-446D16AA8319}.Release|Any CPU.ActiveCfg = Release|Any CPU
		{B8E7C438-07FC-471A-B75D-446D16AA8319}.Release|Any CPU.Build.0 = Release|Any CPU
	EndGlobalSection
	GlobalSection(SolutionProperties) = preSolution
		HideSolutionNode = FALSE
	EndGlobalSection
	GlobalSection(ExtensibilityGlobals) = postSolution
		SolutionGuid = {A1552FE4-FE6E-49C3-8D6B-5FADD7EC1B35}
	EndGlobalSection
EndGlobal
